
Microsoft Visual Studio Solution File, Format Version 12.00
# Visual Studio 15
VisualStudioVersion = 15.0.28010.2041
MinimumVisualStudioVersion = 10.0.40219.1
Project("{FAE04EC0-301F-11D3-BF4B-00C04F79EFBC}") = "IceCreamShop", "IceCreamShop\IceCreamShop.csproj", "{D8960098-8934-4BD4-A3B4-BA3FA953E008}"
EndProject
Global
	GlobalSection(SolutionConfigurationPlatforms) = preSolution
		Debug|Any CPU = Debug|Any CPU
		Release|Any CPU = Release|Any CPU
	EndGlobalSection
	GlobalSection(ProjectConfigurationPlatforms) = postSolution
		{D8960098-8934-4BD4-A3B4-BA3FA953E008}.Debug|Any CPU.ActiveCfg = Debug|Any CPU
		{D8960098-8934-4BD4-A3B4-BA3FA953E008}.Debug|Any CPU.Build.0 = Debug|Any CPU
		{D8960098-8934-4BD4-A3B4-BA3FA953E008}.Release|Any CPU.ActiveCfg = Release|Any CPU
		{D8960098-8934-4BD4-A3B4-BA3FA953E008}.Release|Any CPU.Build.0 = Release|Any CPU
	EndGlobalSection
	GlobalSection(SolutionProperties) = preSolution
		HideSolutionNode = FALSE
	EndGlobalSection
	GlobalSection(ExtensibilityGlobals) = postSolution
		SolutionGuid = {9AEC81BE-4C73-441B-AB39-80A24038F7D3}
	EndGlobalSection
EndGlobal
